
Microsoft Visual Studio Solution File, Format Version 12.00
# Visual Studio Version 16
VisualStudioVersion = 16.0.31729.503
MinimumVisualStudioVersion = 10.0.40219.1
Project("{FAE04EC0-301F-11D3-BF4B-00C04F79EFBC}") = "HTHT", "HTHT\HTHT.csproj", "{B4F7F134-BEA5-460E-B552-142E1FD7CB15}"
EndProject
Global
	GlobalSection(SolutionConfigurationPlatforms) = preSolution
		Debug|Any CPU = Debug|Any CPU
		Release|Any CPU = Release|Any CPU
	EndGlobalSection
	GlobalSection(ProjectConfigurationPlatforms) = postSolution
		{B4F7F134-BEA5-460E-B552-142E1FD7CB15}.Debug|Any CPU.ActiveCfg = Debug|Any CPU
		{B4F7F134-BEA5-460E-B552-142E1FD7CB15}.Debug|Any CPU.Build.0 = Debug|Any CPU
		{B4F7F134-BEA5-460E-B552-142E1FD7CB15}.Release|Any CPU.ActiveCfg = Release|Any CPU
		{B4F7F134-BEA5-460E-B552-142E1FD7CB15}.Release|Any CPU.Build.0 = Release|Any CPU
	EndGlobalSection
	GlobalSection(SolutionProperties) = preSolution
		HideSolutionNode = FALSE
	EndGlobalSection
	GlobalSection(ExtensibilityGlobals) = postSolution
		SolutionGuid = {5421B86F-A7C4-4AF9-B72C-F9B85A46E46D}
	EndGlobalSection
EndGlobal
